<?xml version="1.0" encoding="utf-8"?>
<Project ToolsVersion="17.0" xmlns="http://schemas.microsoft.com/developer/msbuild/2003">
  <ItemGroup>
    <CustomBuild Include="C:\dev\c++\Destiny Engine\CMakeFiles\a4de303b7aab79c1319f4100ba260b85\generate.stamp.rule">
      <Filter>CMake Rules</Filter>
    </CustomBuild>
  </ItemGroup>
  <ItemGroup>
    <Filter Include="CMake Rules">
      <UniqueIdentifier>{9153496B-AD99-3DA4-A575-1A489AE0D9A4}</UniqueIdentifier>
    </Filter>
  </ItemGroup>
</Project>
