<?xml version="1.0" encoding="utf-8"?>
<Project ToolsVersion="4.0" xmlns="http://schemas.microsoft.com/developer/msbuild/2003">
  <ItemGroup>
    <Filter Include="include">
      <UniqueIdentifier>{89AF369E-F58E-B539-FEA6-40106A051C9B}</UniqueIdentifier>
    </Filter>
    <Filter Include="src">
      <UniqueIdentifier>{2DAB880B-99B4-887C-2230-9F7C8E38947C}</UniqueIdentifier>
    </Filter>
    <Filter Include="src\Destiny">
      <UniqueIdentifier>{7C336D73-E8E8-E568-71DD-DF3FDD91DC6C}</UniqueIdentifier>
    </Filter>
    <Filter Include="src\Destiny\Events">
      <UniqueIdentifier>{E09B8E0F-CC7F-4F65-35E0-49B821E339E7}</UniqueIdentifier>
    </Filter>
    <Filter Include="src\Destiny\ImGui">
      <UniqueIdentifier>{A6558527-126C-83BD-5BE3-0EDFC7385445}</UniqueIdentifier>
    </Filter>
    <Filter Include="src\Destiny\Layer">
      <UniqueIdentifier>{48DDB527-B4F3-B3BD-FD6A-3FDF69C08445}</UniqueIdentifier>
    </Filter>
    <Filter Include="src\Destiny\Platform">
      <UniqueIdentifier>{501BC349-3CAA-4C13-E5C8-600ED1365DB9}</UniqueIdentifier>
    </Filter>
    <Filter Include="src\Destiny\Platform\D3D11">
      <UniqueIdentifier>{3C6E2C35-287E-D805-9137-3D247D66C79E}</UniqueIdentifier>
    </Filter>
    <Filter Include="src\Destiny\Platform\Windows">
      <UniqueIdentifier>{8A159F69-76D0-8E15-1F88-07600B22D9A5}</UniqueIdentifier>
    </Filter>
    <Filter Include="src\Destiny\Renderer">
      <UniqueIdentifier>{A222A024-8EB1-29EE-37D0-3DE9233E3A94}</UniqueIdentifier>
    </Filter>
    <Filter Include="src\Shaders">
      <UniqueIdentifier>{06ADC7FB-7262-40F1-FB56-3AC8670B37F5}</UniqueIdentifier>
    </Filter>
  </ItemGroup>
  <ItemGroup>
    <ClInclude Include="include\DestinyEngine.hpp">
      <Filter>include</Filter>
    </ClInclude>
    <ClInclude Include="src\Destiny\Application.hpp">
      <Filter>src\Destiny</Filter>
    </ClInclude>
    <ClInclude Include="src\Destiny\EntryPoint.hpp">
      <Filter>src\Destiny</Filter>
    </ClInclude>
    <ClInclude Include="src\Destiny\Events\Event.hpp">
      <Filter>src\Destiny\Events</Filter>
    </ClInclude>
    <ClInclude Include="src\Destiny\Events\EventListener.hpp">
      <Filter>src\Destiny\Events</Filter>
    </ClInclude>
    <ClInclude Include="src\Destiny\Events\KeyboardEvent.hpp">
      <Filter>src\Destiny\Events</Filter>
    </ClInclude>
    <ClInclude Include="src\Destiny\Events\MouseEvent.hpp">
      <Filter>src\Destiny\Events</Filter>
    </ClInclude>
    <ClInclude Include="src\Destiny\Events\WindowEvent.hpp">
      <Filter>src\Destiny\Events</Filter>
    </ClInclude>
    <ClInclude Include="src\Destiny\Exception.hpp">
      <Filter>src\Destiny</Filter>
    </ClInclude>
    <ClInclude Include="src\Destiny\ImGui\ImGuiLayer.hpp">
      <Filter>src\Destiny\ImGui</Filter>
    </ClInclude>
    <ClInclude Include="src\Destiny\Input.hpp">
      <Filter>src\Destiny</Filter>
    </ClInclude>
    <ClInclude Include="src\Destiny\KeyCodes.hpp">
      <Filter>src\Destiny</Filter>
    </ClInclude>
    <ClInclude Include="src\Destiny\Layer\Layer.hpp">
      <Filter>src\Destiny\Layer</Filter>
    </ClInclude>
    <ClInclude Include="src\Destiny\Layer\LayerStack.hpp">
      <Filter>src\Destiny\Layer</Filter>
    </ClInclude>
    <ClInclude Include="src\Destiny\Log.hpp">
      <Filter>src\Destiny</Filter>
    </ClInclude>
    <ClInclude Include="src\Destiny\Macros.hpp">
      <Filter>src\Destiny</Filter>
    </ClInclude>
    <ClInclude Include="src\Destiny\MouseCodes.hpp">
      <Filter>src\Destiny</Filter>
    </ClInclude>
    <ClInclude Include="src\Destiny\Platform\D3D11\D3D11Buffer.hpp">
      <Filter>src\Destiny\Platform\D3D11</Filter>
    </ClInclude>
    <ClInclude Include="src\Destiny\Platform\D3D11\D3D11Context.hpp">
      <Filter>src\Destiny\Platform\D3D11</Filter>
    </ClInclude>
    <ClInclude Include="src\Destiny\Platform\D3D11\D3D11Exception.hpp">
      <Filter>src\Destiny\Platform\D3D11</Filter>
    </ClInclude>
    <ClInclude Include="src\Destiny\Platform\D3D11\DxgiInfoManager.hpp">
      <Filter>src\Destiny\Platform\D3D11</Filter>
    </ClInclude>
    <ClInclude Include="src\Destiny\Platform\Windows\Win32Exception.hpp">
      <Filter>src\Destiny\Platform\Windows</Filter>
    </ClInclude>
    <ClInclude Include="src\Destiny\Platform\Windows\Win32KeyCodes.hpp">
      <Filter>src\Destiny\Platform\Windows</Filter>
    </ClInclude>
    <ClInclude Include="src\Destiny\Platform\Windows\Win32MouseCodes.hpp">
      <Filter>src\Destiny\Platform\Windows</Filter>
    </ClInclude>
    <ClInclude Include="src\Destiny\Platform\Windows\WindowsInput.hpp">
      <Filter>src\Destiny\Platform\Windows</Filter>
    </ClInclude>
    <ClInclude Include="src\Destiny\Platform\Windows\WindowsWindow.hpp">
      <Filter>src\Destiny\Platform\Windows</Filter>
    </ClInclude>
    <ClInclude Include="src\Destiny\Renderer\Buffer.hpp">
      <Filter>src\Destiny\Renderer</Filter>
    </ClInclude>
    <ClInclude Include="src\Destiny\Renderer\GraphicsContext.hpp">
      <Filter>src\Destiny\Renderer</Filter>
    </ClInclude>
    <ClInclude Include="src\Destiny\Window.hpp">
      <Filter>src\Destiny</Filter>
    </ClInclude>
    <ClInclude Include="src\dtpch.hpp">
      <Filter>src</Filter>
    </ClInclude>
  </ItemGroup>
  <ItemGroup>
    <ClCompile Include="src\Destiny\Application.cpp">
      <Filter>src\Destiny</Filter>
    </ClCompile>
    <ClCompile Include="src\Destiny\Exception.cpp">
      <Filter>src\Destiny</Filter>
    </ClCompile>
    <ClCompile Include="src\Destiny\ImGui\ImGuiBuild.cpp">
      <Filter>src\Destiny\ImGui</Filter>
    </ClCompile>
    <ClCompile Include="src\Destiny\ImGui\ImGuiLayer.cpp">
      <Filter>src\Destiny\ImGui</Filter>
    </ClCompile>
    <ClCompile Include="src\Destiny\Layer\Layer.cpp">
      <Filter>src\Destiny\Layer</Filter>
    </ClCompile>
    <ClCompile Include="src\Destiny\Layer\LayerStack.cpp">
      <Filter>src\Destiny\Layer</Filter>
    </ClCompile>
    <ClCompile Include="src\Destiny\Log.cpp">
      <Filter>src\Destiny</Filter>
    </ClCompile>
    <ClCompile Include="src\Destiny\Platform\D3D11\D3D11Buffer.cpp">
      <Filter>src\Destiny\Platform\D3D11</Filter>
    </ClCompile>
    <ClCompile Include="src\Destiny\Platform\D3D11\D3D11Context.cpp">
      <Filter>src\Destiny\Platform\D3D11</Filter>
    </ClCompile>
    <ClCompile Include="src\Destiny\Platform\D3D11\D3D11Exception.cpp">
      <Filter>src\Destiny\Platform\D3D11</Filter>
    </ClCompile>
    <ClCompile Include="src\Destiny\Platform\D3D11\DxgiInfoManager.cpp">
      <Filter>src\Destiny\Platform\D3D11</Filter>
    </ClCompile>
    <ClCompile Include="src\Destiny\Platform\Windows\Win32Exception.cpp">
      <Filter>src\Destiny\Platform\Windows</Filter>
    </ClCompile>
    <ClCompile Include="src\Destiny\Platform\Windows\WindowsInput.cpp">
      <Filter>src\Destiny\Platform\Windows</Filter>
    </ClCompile>
    <ClCompile Include="src\Destiny\Platform\Windows\WindowsWindow.cpp">
      <Filter>src\Destiny\Platform\Windows</Filter>
    </ClCompile>
    <ClCompile Include="src\Destiny\Renderer\Buffer.cpp">
      <Filter>src\Destiny\Renderer</Filter>
    </ClCompile>
    <ClCompile Include="src\dtpch.cpp">
      <Filter>src</Filter>
    </ClCompile>
  </ItemGroup>
  <ItemGroup>
    <ShaderCompiler Include="src\Shaders\test_shader.glsl">
      <Filter>src\Shaders</Filter>
    </ShaderCompiler>
  </ItemGroup>
</Project>